
Microsoft Visual Studio Solution File, Format Version 12.00
# Visual Studio Version 16
VisualStudioVersion = 16.0.28822.285
MinimumVisualStudioVersion = 10.0.40219.1
Project("{FAE04EC0-301F-11D3-BF4B-00C04F79EFBC}") = "oChangeLog", "oChangeLog.csproj", "{12BDEF3E-FEE6-49C5-BC3B-DCFE5D39CA69}"
EndProject
Global
	GlobalSection(SolutionConfigurationPlatforms) = preSolution
		Debug|Any CPU = Debug|Any CPU
		Release|Any CPU = Release|Any CPU
	EndGlobalSection
	GlobalSection(ProjectConfigurationPlatforms) = postSolution
		{12BDEF3E-FEE6-49C5-BC3B-DCFE5D39CA69}.Debug|Any CPU.ActiveCfg = Debug|Any CPU
		{12BDEF3E-FEE6-49C5-BC3B-DCFE5D39CA69}.Debug|Any CPU.Build.0 = Debug|Any CPU
		{12BDEF3E-FEE6-49C5-BC3B-DCFE5D39CA69}.Release|Any CPU.ActiveCfg = Release|Any CPU
		{12BDEF3E-FEE6-49C5-BC3B-DCFE5D39CA69}.Release|Any CPU.Build.0 = Release|Any CPU
	EndGlobalSection
	GlobalSection(SolutionProperties) = preSolution
		HideSolutionNode = FALSE
	EndGlobalSection
	GlobalSection(ExtensibilityGlobals) = postSolution
		SolutionGuid = {EEF6AC86-3CB9-4716-866B-5CDC0A9AD741}
	EndGlobalSection
EndGlobal
